
Microsoft Visual Studio Solution File, Format Version 12.00
# Visual Studio 2012
Project("{FAE04EC0-301F-11D3-BF4B-00C04F79EFBC}") = "LiveTelemetry", "LiveTelemetry\LiveTelemetry.csproj", "{8A946732-F275-449E-92D3-53FBDA69865E}"
EndProject
Project("{FAE04EC0-301F-11D3-BF4B-00C04F79EFBC}") = "SimTelemetry.Tests", "SimTelemetry.Tests\SimTelemetry.Tests.csproj", "{CFE14725-ECFB-4D8F-8167-E2D116BC6361}"
EndProject
Project("{FAE04EC0-301F-11D3-BF4B-00C04F79EFBC}") = "SimTelemetry.Plugins.Tests", "SimTelemetry.Plugins.Tests\SimTelemetry.Plugins.Tests.csproj", "{8F00BB8C-A49E-4AD7-981C-EA949A97B3C7}"
EndProject
Project("{FAE04EC0-301F-11D3-BF4B-00C04F79EFBC}") = "SimTelemetry.Domain", "SimTelemetry.Domain\SimTelemetry.Domain.csproj", "{25F653CD-5503-45B6-AD1B-C8F5C2034DA6}"
EndProject
Global
	GlobalSection(SolutionConfigurationPlatforms) = preSolution
		Debug|Any CPU = Debug|Any CPU
		Debug|Mixed Platforms = Debug|Mixed Platforms
		Debug|x86 = Debug|x86
		Release|Any CPU = Release|Any CPU
		Release|Mixed Platforms = Release|Mixed Platforms
		Release|x86 = Release|x86
	EndGlobalSection
	GlobalSection(ProjectConfigurationPlatforms) = postSolution
		{8A946732-F275-449E-92D3-53FBDA69865E}.Debug|Any CPU.ActiveCfg = Debug|x86
		{8A946732-F275-449E-92D3-53FBDA69865E}.Debug|Mixed Platforms.ActiveCfg = Debug|x86
		{8A946732-F275-449E-92D3-53FBDA69865E}.Debug|Mixed Platforms.Build.0 = Debug|x86
		{8A946732-F275-449E-92D3-53FBDA69865E}.Debug|x86.ActiveCfg = Debug|x86
		{8A946732-F275-449E-92D3-53FBDA69865E}.Debug|x86.Build.0 = Debug|x86
		{8A946732-F275-449E-92D3-53FBDA69865E}.Release|Any CPU.ActiveCfg = Release|x86
		{8A946732-F275-449E-92D3-53FBDA69865E}.Release|Mixed Platforms.ActiveCfg = Release|x86
		{8A946732-F275-449E-92D3-53FBDA69865E}.Release|Mixed Platforms.Build.0 = Release|x86
		{8A946732-F275-449E-92D3-53FBDA69865E}.Release|x86.ActiveCfg = Release|x86
		{8A946732-F275-449E-92D3-53FBDA69865E}.Release|x86.Build.0 = Release|x86
		{CFE14725-ECFB-4D8F-8167-E2D116BC6361}.Debug|Any CPU.ActiveCfg = Debug|Any CPU
		{CFE14725-ECFB-4D8F-8167-E2D116BC6361}.Debug|Any CPU.Build.0 = Debug|Any CPU
		{CFE14725-ECFB-4D8F-8167-E2D116BC6361}.Debug|Mixed Platforms.ActiveCfg = Debug|Any CPU
		{CFE14725-ECFB-4D8F-8167-E2D116BC6361}.Debug|Mixed Platforms.Build.0 = Debug|Any CPU
		{CFE14725-ECFB-4D8F-8167-E2D116BC6361}.Debug|x86.ActiveCfg = Debug|Any CPU
		{CFE14725-ECFB-4D8F-8167-E2D116BC6361}.Release|Any CPU.ActiveCfg = Release|Any CPU
		{CFE14725-ECFB-4D8F-8167-E2D116BC6361}.Release|Any CPU.Build.0 = Release|Any CPU
		{CFE14725-ECFB-4D8F-8167-E2D116BC6361}.Release|Mixed Platforms.ActiveCfg = Release|Any CPU
		{CFE14725-ECFB-4D8F-8167-E2D116BC6361}.Release|Mixed Platforms.Build.0 = Release|Any CPU
		{CFE14725-ECFB-4D8F-8167-E2D116BC6361}.Release|x86.ActiveCfg = Release|Any CPU
		{8F00BB8C-A49E-4AD7-981C-EA949A97B3C7}.Debug|Any CPU.ActiveCfg = Debug|Any CPU
		{8F00BB8C-A49E-4AD7-981C-EA949A97B3C7}.Debug|Any CPU.Build.0 = Debug|Any CPU
		{8F00BB8C-A49E-4AD7-981C-EA949A97B3C7}.Debug|Mixed Platforms.ActiveCfg = Debug|Any CPU
		{8F00BB8C-A49E-4AD7-981C-EA949A97B3C7}.Debug|Mixed Platforms.Build.0 = Debug|Any CPU
		{8F00BB8C-A49E-4AD7-981C-EA949A97B3C7}.Debug|x86.ActiveCfg = Debug|Any CPU
		{8F00BB8C-A49E-4AD7-981C-EA949A97B3C7}.Release|Any CPU.ActiveCfg = Release|Any CPU
		{8F00BB8C-A49E-4AD7-981C-EA949A97B3C7}.Release|Any CPU.Build.0 = Release|Any CPU
		{8F00BB8C-A49E-4AD7-981C-EA949A97B3C7}.Release|Mixed Platforms.ActiveCfg = Release|Any CPU
		{8F00BB8C-A49E-4AD7-981C-EA949A97B3C7}.Release|Mixed Platforms.Build.0 = Release|Any CPU
		{8F00BB8C-A49E-4AD7-981C-EA949A97B3C7}.Release|x86.ActiveCfg = Release|Any CPU
		{25F653CD-5503-45B6-AD1B-C8F5C2034DA6}.Debug|Any CPU.ActiveCfg = Debug|Any CPU
		{25F653CD-5503-45B6-AD1B-C8F5C2034DA6}.Debug|Any CPU.Build.0 = Debug|Any CPU
		{25F653CD-5503-45B6-AD1B-C8F5C2034DA6}.Debug|Mixed Platforms.ActiveCfg = Debug|Any CPU
		{25F653CD-5503-45B6-AD1B-C8F5C2034DA6}.Debug|Mixed Platforms.Build.0 = Debug|Any CPU
		{25F653CD-5503-45B6-AD1B-C8F5C2034DA6}.Debug|x86.ActiveCfg = Debug|Any CPU
		{25F653CD-5503-45B6-AD1B-C8F5C2034DA6}.Release|Any CPU.ActiveCfg = Release|Any CPU
		{25F653CD-5503-45B6-AD1B-C8F5C2034DA6}.Release|Any CPU.Build.0 = Release|Any CPU
		{25F653CD-5503-45B6-AD1B-C8F5C2034DA6}.Release|Mixed Platforms.ActiveCfg = Release|Any CPU
		{25F653CD-5503-45B6-AD1B-C8F5C2034DA6}.Release|Mixed Platforms.Build.0 = Release|Any CPU
		{25F653CD-5503-45B6-AD1B-C8F5C2034DA6}.Release|x86.ActiveCfg = Release|Any CPU
	EndGlobalSection
	GlobalSection(SolutionProperties) = preSolution
		HideSolutionNode = FALSE
	EndGlobalSection
	GlobalSection(Performance) = preSolution
		HasPerformanceSessions = true
	EndGlobalSection
EndGlobal
